
Microsoft Visual Studio Solution File, Format Version 12.00
# Visual Studio 2013
VisualStudioVersion = 12.0.30723.0
MinimumVisualStudioVersion = 10.0.40219.1
Project("{FAE04EC0-301F-11D3-BF4B-00C04F79EFBC}") = "B3nCr.Communication.Api", "B3nCr.Communication.Api\B3nCr.Communication.Api.csproj", "{08335289-88CE-4C23-9657-D2C9DED4E435}"
EndProject
Project("{FAE04EC0-301F-11D3-BF4B-00C04F79EFBC}") = "B3nCr.Communication", "B3nCr.Communication\B3nCr.Communication.csproj", "{000C4DC7-45B4-4214-9B9E-A98976378A5F}"
EndProject
Project("{FAE04EC0-301F-11D3-BF4B-00C04F79EFBC}") = "B3nCr.Identity", "B3nCr.Identity\B3nCr.Identity.csproj", "{B8A251D4-673C-4A27-9282-A6C6D4F6E2FA}"
EndProject
Global
	GlobalSection(SolutionConfigurationPlatforms) = preSolution
		Debug|Any CPU = Debug|Any CPU
		Release|Any CPU = Release|Any CPU
	EndGlobalSection
	GlobalSection(ProjectConfigurationPlatforms) = postSolution
		{08335289-88CE-4C23-9657-D2C9DED4E435}.Debug|Any CPU.ActiveCfg = Debug|Any CPU
		{08335289-88CE-4C23-9657-D2C9DED4E435}.Debug|Any CPU.Build.0 = Debug|Any CPU
		{08335289-88CE-4C23-9657-D2C9DED4E435}.Release|Any CPU.ActiveCfg = Release|Any CPU
		{08335289-88CE-4C23-9657-D2C9DED4E435}.Release|Any CPU.Build.0 = Release|Any CPU
		{000C4DC7-45B4-4214-9B9E-A98976378A5F}.Debug|Any CPU.ActiveCfg = Debug|Any CPU
		{000C4DC7-45B4-4214-9B9E-A98976378A5F}.Debug|Any CPU.Build.0 = Debug|Any CPU
		{000C4DC7-45B4-4214-9B9E-A98976378A5F}.Release|Any CPU.ActiveCfg = Release|Any CPU
		{000C4DC7-45B4-4214-9B9E-A98976378A5F}.Release|Any CPU.Build.0 = Release|Any CPU
		{B8A251D4-673C-4A27-9282-A6C6D4F6E2FA}.Debug|Any CPU.ActiveCfg = Debug|Any CPU
		{B8A251D4-673C-4A27-9282-A6C6D4F6E2FA}.Debug|Any CPU.Build.0 = Debug|Any CPU
		{B8A251D4-673C-4A27-9282-A6C6D4F6E2FA}.Release|Any CPU.ActiveCfg = Release|Any CPU
		{B8A251D4-673C-4A27-9282-A6C6D4F6E2FA}.Release|Any CPU.Build.0 = Release|Any CPU
	EndGlobalSection
	GlobalSection(SolutionProperties) = preSolution
		HideSolutionNode = FALSE
	EndGlobalSection
EndGlobal
